
Microsoft Visual Studio Solution File, Format Version 12.00
# Visual Studio Version 17
VisualStudioVersion = 17.13.35931.197 d17.13
MinimumVisualStudioVersion = 10.0.40219.1
Project("{FAE04EC0-301F-11D3-BF4B-00C04F79EFBC}") = "Polymorphism", "Polymorphism\Polymorphism.csproj", "{CECE0188-9AC8-41B3-B02F-D928DE919E98}"
EndProject
Global
	GlobalSection(SolutionConfigurationPlatforms) = preSolution
		Debug|Any CPU = Debug|Any CPU
		Release|Any CPU = Release|Any CPU
	EndGlobalSection
	GlobalSection(ProjectConfigurationPlatforms) = postSolution
		{CECE0188-9AC8-41B3-B02F-D928DE919E98}.Debug|Any CPU.ActiveCfg = Debug|Any CPU
		{CECE0188-9AC8-41B3-B02F-D928DE919E98}.Debug|Any CPU.Build.0 = Debug|Any CPU
		{CECE0188-9AC8-41B3-B02F-D928DE919E98}.Release|Any CPU.ActiveCfg = Release|Any CPU
		{CECE0188-9AC8-41B3-B02F-D928DE919E98}.Release|Any CPU.Build.0 = Release|Any CPU
	EndGlobalSection
	GlobalSection(SolutionProperties) = preSolution
		HideSolutionNode = FALSE
	EndGlobalSection
	GlobalSection(ExtensibilityGlobals) = postSolution
		SolutionGuid = {5EA344C3-E571-4D20-889E-A709654BE2A8}
	EndGlobalSection
EndGlobal
